// !$*UTF8*$!
{
	archiveVersion = 1;
	classes = {
	};
	objectVersion = 46;
	objects = {

/* Begin PBXBuildFile section */
		8E81C20D1D90EEF200C3266F /* FancyView.swift in Sources */ = {isa = PBXBuildFile; fileRef = 8E81C20C1D90EEF200C3266F /* FancyView.swift */; };
		8E81C2121D90F04400C3266F /* Constants.swift in Sources */ = {isa = PBXBuildFile; fileRef = 8E81C2111D90F04400C3266F /* Constants.swift */; };
		8E81C2141D90FA0200C3266F /* RoundBtn.swift in Sources */ = {isa = PBXBuildFile; fileRef = 8E81C2131D90FA0200C3266F /* RoundBtn.swift */; };
		8E81C2161D919A7C00C3266F /* FancyField.swift in Sources */ = {isa = PBXBuildFile; fileRef = 8E81C2151D919A7C00C3266F /* FancyField.swift */; };
		8E81C2181D919B7300C3266F /* FancyBtn.swift in Sources */ = {isa = PBXBuildFile; fileRef = 8E81C2171D919B7300C3266F /* FancyBtn.swift */; };
		8E81C21C1D91B41400C3266F /* FBSDKCoreKit.framework in Frameworks */ = {isa = PBXBuildFile; fileRef = 8E81C2191D91B41400C3266F /* FBSDKCoreKit.framework */; };
		8E81C21D1D91B41400C3266F /* FBSDKLoginKit.framework in Frameworks */ = {isa = PBXBuildFile; fileRef = 8E81C21A1D91B41400C3266F /* FBSDKLoginKit.framework */; };
		8E81C21E1D91B41400C3266F /* FBSDKShareKit.framework in Frameworks */ = {isa = PBXBuildFile; fileRef = 8E81C21B1D91B41400C3266F /* FBSDKShareKit.framework */; };
		8E81C2201D91CBDD00C3266F /* Bolts.framework in Frameworks */ = {isa = PBXBuildFile; fileRef = 8E81C21F1D91CBDD00C3266F /* Bolts.framework */; };
		8E81C2231D92150C00C3266F /* FeedVC.swift in Sources */ = {isa = PBXBuildFile; fileRef = 8E81C2221D92150C00C3266F /* FeedVC.swift */; };
		8E9684411D933F9300849D01 /* CircleView.swift in Sources */ = {isa = PBXBuildFile; fileRef = 8E9684401D933F9300849D01 /* CircleView.swift */; };
		8E9684431D934A3300849D01 /* PostCell.swift in Sources */ = {isa = PBXBuildFile; fileRef = 8E9684421D934A3300849D01 /* PostCell.swift */; };
		8E9684461D94431500849D01 /* DataService.swift in Sources */ = {isa = PBXBuildFile; fileRef = 8E9684451D94431500849D01 /* DataService.swift */; };
		8EC3829D1D90998100BE7DB8 /* AppDelegate.swift in Sources */ = {isa = PBXBuildFile; fileRef = 8EC3829C1D90998100BE7DB8 /* AppDelegate.swift */; };
		8EC3829F1D90998100BE7DB8 /* SignInVC.swift in Sources */ = {isa = PBXBuildFile; fileRef = 8EC3829E1D90998100BE7DB8 /* SignInVC.swift */; };
		8EC382A21D90998100BE7DB8 /* Main.storyboard in Resources */ = {isa = PBXBuildFile; fileRef = 8EC382A01D90998100BE7DB8 /* Main.storyboard */; };
		8EC382A41D90998100BE7DB8 /* Assets.xcassets in Resources */ = {isa = PBXBuildFile; fileRef = 8EC382A31D90998100BE7DB8 /* Assets.xcassets */; };
		8EC382A71D90998100BE7DB8 /* LaunchScreen.storyboard in Resources */ = {isa = PBXBuildFile; fileRef = 8EC382A51D90998100BE7DB8 /* LaunchScreen.storyboard */; };
		8EC382AF1D9099FB00BE7DB8 /* GoogleService-Info.plist in Resources */ = {isa = PBXBuildFile; fileRef = 8EC382AE1D9099FB00BE7DB8 /* GoogleService-Info.plist */; };
		D395B7801CCC37C7AAB7D995 /* Pods_social.framework in Frameworks */ = {isa = PBXBuildFile; fileRef = EC29B1C718FFD62237EA6FEF /* Pods_social.framework */; };
/* End PBXBuildFile section */

/* Begin PBXFileReference section */
		7AE4698A4D207ED82624C3A1 /* Pods-social.debug.xcconfig */ = {isa = PBXFileReference; includeInIndex = 1; lastKnownFileType = text.xcconfig; name = "Pods-social.debug.xcconfig"; path = "Pods/Target Support Files/Pods-social/Pods-social.debug.xcconfig"; sourceTree = "<group>"; };
		8E81C20C1D90EEF200C3266F /* FancyView.swift */ = {isa = PBXFileReference; fileEncoding = 4; lastKnownFileType = sourcecode.swift; path = FancyView.swift; sourceTree = "<group>"; };
		8E81C2111D90F04400C3266F /* Constants.swift */ = {isa = PBXFileReference; fileEncoding = 4; lastKnownFileType = sourcecode.swift; path = Constants.swift; sourceTree = "<group>"; };
		8E81C2131D90FA0200C3266F /* RoundBtn.swift */ = {isa = PBXFileReference; fileEncoding = 4; lastKnownFileType = sourcecode.swift; path = RoundBtn.swift; sourceTree = "<group>"; };
		8E81C2151D919A7C00C3266F /* FancyField.swift */ = {isa = PBXFileReference; fileEncoding = 4; lastKnownFileType = sourcecode.swift; path = FancyField.swift; sourceTree = "<group>"; };
		8E81C2171D919B7300C3266F /* FancyBtn.swift */ = {isa = PBXFileReference; fileEncoding = 4; lastKnownFileType = sourcecode.swift; path = FancyBtn.swift; sourceTree = "<group>"; };
		8E81C2191D91B41400C3266F /* FBSDKCoreKit.framework */ = {isa = PBXFileReference; lastKnownFileType = wrapper.framework; path = FBSDKCoreKit.framework; sourceTree = "<group>"; };
		8E81C21A1D91B41400C3266F /* FBSDKLoginKit.framework */ = {isa = PBXFileReference; lastKnownFileType = wrapper.framework; path = FBSDKLoginKit.framework; sourceTree = "<group>"; };
		8E81C21B1D91B41400C3266F /* FBSDKShareKit.framework */ = {isa = PBXFileReference; lastKnownFileType = wrapper.framework; path = FBSDKShareKit.framework; sourceTree = "<group>"; };
		8E81C21F1D91CBDD00C3266F /* Bolts.framework */ = {isa = PBXFileReference; lastKnownFileType = wrapper.framework; path = Bolts.framework; sourceTree = "<group>"; };
		8E81C2211D91CFA700C3266F /* social.entitlements */ = {isa = PBXFileReference; lastKnownFileType = text.plist.entitlements; path = social.entitlements; sourceTree = "<group>"; };
		8E81C2221D92150C00C3266F /* FeedVC.swift */ = {isa = PBXFileReference; fileEncoding = 4; lastKnownFileType = sourcecode.swift; path = FeedVC.swift; sourceTree = "<group>"; };
		8E9684401D933F9300849D01 /* CircleView.swift */ = {isa = PBXFileReference; fileEncoding = 4; lastKnownFileType = sourcecode.swift; path = CircleView.swift; sourceTree = "<group>"; };
		8E9684421D934A3300849D01 /* PostCell.swift */ = {isa = PBXFileReference; fileEncoding = 4; lastKnownFileType = sourcecode.swift; path = PostCell.swift; sourceTree = "<group>"; };
		8E9684451D94431500849D01 /* DataService.swift */ = {isa = PBXFileReference; fileEncoding = 4; lastKnownFileType = sourcecode.swift; path = DataService.swift; sourceTree = "<group>"; };
		8EC382991D90998100BE7DB8 /* social.app */ = {isa = PBXFileReference; explicitFileType = wrapper.application; includeInIndex = 0; path = social.app; sourceTree = BUILT_PRODUCTS_DIR; };
		8EC3829C1D90998100BE7DB8 /* AppDelegate.swift */ = {isa = PBXFileReference; lastKnownFileType = sourcecode.swift; path = AppDelegate.swift; sourceTree = "<group>"; };
		8EC3829E1D90998100BE7DB8 /* SignInVC.swift */ = {isa = PBXFileReference; lastKnownFileType = sourcecode.swift; path = SignInVC.swift; sourceTree = "<group>"; };
		8EC382A11D90998100BE7DB8 /* Base */ = {isa = PBXFileReference; lastKnownFileType = file.storyboard; name = Base; path = Base.lproj/Main.storyboard; sourceTree = "<group>"; };
		8EC382A31D90998100BE7DB8 /* Assets.xcassets */ = {isa = PBXFileReference; lastKnownFileType = folder.assetcatalog; path = Assets.xcassets; sourceTree = "<group>"; };
		8EC382A61D90998100BE7DB8 /* Base */ = {isa = PBXFileReference; lastKnownFileType = file.storyboard; name = Base; path = Base.lproj/LaunchScreen.storyboard; sourceTree = "<group>"; };
		8EC382A81D90998100BE7DB8 /* Info.plist */ = {isa = PBXFileReference; lastKnownFileType = text.plist.xml; path = Info.plist; sourceTree = "<group>"; };
		8EC382AE1D9099FB00BE7DB8 /* GoogleService-Info.plist */ = {isa = PBXFileReference; fileEncoding = 4; lastKnownFileType = text.plist.xml; path = "GoogleService-Info.plist"; sourceTree = "<group>"; };
		B13E13067654B8986E06B789 /* Pods-social.release.xcconfig */ = {isa = PBXFileReference; includeInIndex = 1; lastKnownFileType = text.xcconfig; name = "Pods-social.release.xcconfig"; path = "Pods/Target Support Files/Pods-social/Pods-social.release.xcconfig"; sourceTree = "<group>"; };
		EC29B1C718FFD62237EA6FEF /* Pods_social.framework */ = {isa = PBXFileReference; explicitFileType = wrapper.framework; includeInIndex = 0; path = Pods_social.framework; sourceTree = BUILT_PRODUCTS_DIR; };
/* End PBXFileReference section */

/* Begin PBXFrameworksBuildPhase section */
		8EC382961D90998100BE7DB8 /* Frameworks */ = {
			isa = PBXFrameworksBuildPhase;
			buildActionMask = 2147483647;
			files = (
				8E81C2201D91CBDD00C3266F /* Bolts.framework in Frameworks */,
				8E81C21E1D91B41400C3266F /* FBSDKShareKit.framework in Frameworks */,
				D395B7801CCC37C7AAB7D995 /* Pods_social.framework in Frameworks */,
				8E81C21C1D91B41400C3266F /* FBSDKCoreKit.framework in Frameworks */,
				8E81C21D1D91B41400C3266F /* FBSDKLoginKit.framework in Frameworks */,
			);
			runOnlyForDeploymentPostprocessing = 0;
		};
/* End PBXFrameworksBuildPhase section */

/* Begin PBXGroup section */
		5512C7A7566740512CFC7025 /* Pods */ = {
			isa = PBXGroup;
			children = (
				7AE4698A4D207ED82624C3A1 /* Pods-social.debug.xcconfig */,
				B13E13067654B8986E06B789 /* Pods-social.release.xcconfig */,
			);
			name = Pods;
			sourceTree = "<group>";
		};
		8E81C20E1D90EFCE00C3266F /* Util */ = {
			isa = PBXGroup;
			children = (
				8E81C2111D90F04400C3266F /* Constants.swift */,
			);
			name = Util;
			sourceTree = "<group>";
		};
		8E81C20F1D90EFDF00C3266F /* View */ = {
			isa = PBXGroup;
			children = (
				8E81C20C1D90EEF200C3266F /* FancyView.swift */,
				8E81C2131D90FA0200C3266F /* RoundBtn.swift */,
				8E81C2151D919A7C00C3266F /* FancyField.swift */,
				8E81C2171D919B7300C3266F /* FancyBtn.swift */,
				8E9684401D933F9300849D01 /* CircleView.swift */,
				8E9684421D934A3300849D01 /* PostCell.swift */,
			);
			name = View;
			sourceTree = "<group>";
		};
		8E81C2101D90F00000C3266F /* Controller */ = {
			isa = PBXGroup;
			children = (
				8EC3829E1D90998100BE7DB8 /* SignInVC.swift */,
				8E81C2221D92150C00C3266F /* FeedVC.swift */,
			);
			name = Controller;
			sourceTree = "<group>";
		};
		8E9684441D9442EA00849D01 /* Services */ = {
			isa = PBXGroup;
			children = (
				8E9684451D94431500849D01 /* DataService.swift */,
			);
			name = Services;
			sourceTree = "<group>";
		};
		8EC382901D90998100BE7DB8 = {
			isa = PBXGroup;
			children = (
				8EC3829B1D90998100BE7DB8 /* social */,
				8EC3829A1D90998100BE7DB8 /* Products */,
				5512C7A7566740512CFC7025 /* Pods */,
				B641F34AB9D46D30AF01F4DF /* Frameworks */,
			);
			sourceTree = "<group>";
		};
		8EC3829A1D90998100BE7DB8 /* Products */ = {
			isa = PBXGroup;
			children = (
				8EC382991D90998100BE7DB8 /* social.app */,
			);
			name = Products;
			sourceTree = "<group>";
		};
		8EC3829B1D90998100BE7DB8 /* social */ = {
			isa = PBXGroup;
			children = (
				8E81C2211D91CFA700C3266F /* social.entitlements */,
				8E9684441D9442EA00849D01 /* Services */,
				8E81C2101D90F00000C3266F /* Controller */,
				8E81C20F1D90EFDF00C3266F /* View */,
				8E81C20E1D90EFCE00C3266F /* Util */,
				8EC3829C1D90998100BE7DB8 /* AppDelegate.swift */,
				8EC382A01D90998100BE7DB8 /* Main.storyboard */,
				8EC382A31D90998100BE7DB8 /* Assets.xcassets */,
				8EC382A51D90998100BE7DB8 /* LaunchScreen.storyboard */,
				8EC382AE1D9099FB00BE7DB8 /* GoogleService-Info.plist */,
				8EC382A81D90998100BE7DB8 /* Info.plist */,
			);
			path = social;
			sourceTree = "<group>";
		};
		B641F34AB9D46D30AF01F4DF /* Frameworks */ = {
			isa = PBXGroup;
			children = (
				8E81C21F1D91CBDD00C3266F /* Bolts.framework */,
				8E81C2191D91B41400C3266F /* FBSDKCoreKit.framework */,
				8E81C21A1D91B41400C3266F /* FBSDKLoginKit.framework */,
				8E81C21B1D91B41400C3266F /* FBSDKShareKit.framework */,
				EC29B1C718FFD62237EA6FEF /* Pods_social.framework */,
			);
			name = Frameworks;
			sourceTree = "<group>";
		};
/* End PBXGroup section */

/* Begin PBXNativeTarget section */
		8EC382981D90998100BE7DB8 /* social */ = {
			isa = PBXNativeTarget;
			buildConfigurationList = 8EC382AB1D90998100BE7DB8 /* Build configuration list for PBXNativeTarget "social" */;
			buildPhases = (
				D34F905DB9746D914FC6AF59 /* [CP] Check Pods Manifest.lock */,
				8EC382951D90998100BE7DB8 /* Sources */,
				8EC382961D90998100BE7DB8 /* Frameworks */,
				8EC382971D90998100BE7DB8 /* Resources */,
				0EBF9CE254047450A45BA13A /* [CP] Embed Pods Frameworks */,
				AD0F6B04E857C025C92D3C5F /* [CP] Copy Pods Resources */,
			);
			buildRules = (
			);
			dependencies = (
			);
			name = social;
			productName = social;
			productReference = 8EC382991D90998100BE7DB8 /* social.app */;
			productType = "com.apple.product-type.application";
		};
/* End PBXNativeTarget section */

/* Begin PBXProject section */
		8EC382911D90998100BE7DB8 /* Project object */ = {
			isa = PBXProject;
			attributes = {
				LastSwiftUpdateCheck = 0800;
				LastUpgradeCheck = 0800;
				ORGANIZATIONNAME = Mu;
				TargetAttributes = {
					8EC382981D90998100BE7DB8 = {
						CreatedOnToolsVersion = 8.0;
						DevelopmentTeam = 78VVE4HZJC;
						LastSwiftMigration = 0800;
						ProvisioningStyle = Automatic;
						SystemCapabilities = {
							com.apple.Keychain = {
								enabled = 1;
							};
						};
					};
				};
			};
			buildConfigurationList = 8EC382941D90998100BE7DB8 /* Build configuration list for PBXProject "social" */;
			compatibilityVersion = "Xcode 3.2";
			developmentRegion = English;
			hasScannedForEncodings = 0;
			knownRegions = (
				en,
				Base,
			);
			mainGroup = 8EC382901D90998100BE7DB8;
			productRefGroup = 8EC3829A1D90998100BE7DB8 /* Products */;
			projectDirPath = "";
			projectRoot = "";
			targets = (
				8EC382981D90998100BE7DB8 /* social */,
			);
		};
/* End PBXProject section */

/* Begin PBXResourcesBuildPhase section */
		8EC382971D90998100BE7DB8 /* Resources */ = {
			isa = PBXResourcesBuildPhase;
			buildActionMask = 2147483647;
			files = (
				8EC382A71D90998100BE7DB8 /* LaunchScreen.storyboard in Resources */,
				8EC382AF1D9099FB00BE7DB8 /* GoogleService-Info.plist in Resources */,
				8EC382A41D90998100BE7DB8 /* Assets.xcassets in Resources */,
				8EC382A21D90998100BE7DB8 /* Main.storyboard in Resources */,
			);
			runOnlyForDeploymentPostprocessing = 0;
		};
/* End PBXResourcesBuildPhase section */

/* Begin PBXShellScriptBuildPhase section */
		0EBF9CE254047450A45BA13A /* [CP] Embed Pods Frameworks */ = {
			isa = PBXShellScriptBuildPhase;
			buildActionMask = 2147483647;
			files = (
			);
			inputPaths = (
			);
			name = "[CP] Embed Pods Frameworks";
			outputPaths = (
			);
			runOnlyForDeploymentPostprocessing = 0;
			shellPath = /bin/sh;
			shellScript = "\"${SRCROOT}/Pods/Target Support Files/Pods-social/Pods-social-frameworks.sh\"\n";
			showEnvVarsInLog = 0;
		};
		AD0F6B04E857C025C92D3C5F /* [CP] Copy Pods Resources */ = {
			isa = PBXShellScriptBuildPhase;
			buildActionMask = 2147483647;
			files = (
			);
			inputPaths = (
			);
			name = "[CP] Copy Pods Resources";
			outputPaths = (
			);
			runOnlyForDeploymentPostprocessing = 0;
			shellPath = /bin/sh;
			shellScript = "\"${SRCROOT}/Pods/Target Support Files/Pods-social/Pods-social-resources.sh\"\n";
			showEnvVarsInLog = 0;
		};
		D34F905DB9746D914FC6AF59 /* [CP] Check Pods Manifest.lock */ = {
			isa = PBXShellScriptBuildPhase;
			buildActionMask = 2147483647;
			files = (
			);
			inputPaths = (
			);
			name = "[CP] Check Pods Manifest.lock";
			outputPaths = (
			);
			runOnlyForDeploymentPostprocessing = 0;
			shellPath = /bin/sh;
			shellScript = "diff \"${PODS_ROOT}/../Podfile.lock\" \"${PODS_ROOT}/Manifest.lock\" > /dev/null\nif [[ $? != 0 ]] ; then\n    cat << EOM\nerror: The sandbox is not in sync with the Podfile.lock. Run 'pod install' or update your CocoaPods installation.\nEOM\n    exit 1\nfi\n";
			showEnvVarsInLog = 0;
		};
/* End PBXShellScriptBuildPhase section */

/* Begin PBXSourcesBuildPhase section */
		8EC382951D90998100BE7DB8 /* Sources */ = {
			isa = PBXSourcesBuildPhase;
			buildActionMask = 2147483647;
			files = (
				8E9684411D933F9300849D01 /* CircleView.swift in Sources */,
				8E81C2161D919A7C00C3266F /* FancyField.swift in Sources */,
				8EC3829F1D90998100BE7DB8 /* SignInVC.swift in Sources */,
				8E81C2141D90FA0200C3266F /* RoundBtn.swift in Sources */,
				8EC3829D1D90998100BE7DB8 /* AppDelegate.swift in Sources */,
				8E9684461D94431500849D01 /* DataService.swift in Sources */,
				8E81C2231D92150C00C3266F /* FeedVC.swift in Sources */,
				8E81C20D1D90EEF200C3266F /* FancyView.swift in Sources */,
				8E81C2121D90F04400C3266F /* Constants.swift in Sources */,
				8E81C2181D919B7300C3266F /* FancyBtn.swift in Sources */,
				8E9684431D934A3300849D01 /* PostCell.swift in Sources */,
			);
			runOnlyForDeploymentPostprocessing = 0;
		};
/* End PBXSourcesBuildPhase section */

/* Begin PBXVariantGroup section */
		8EC382A01D90998100BE7DB8 /* Main.storyboard */ = {
			isa = PBXVariantGroup;
			children = (
				8EC382A11D90998100BE7DB8 /* Base */,
			);
			name = Main.storyboard;
			sourceTree = "<group>";
		};
		8EC382A51D90998100BE7DB8 /* LaunchScreen.storyboard */ = {
			isa = PBXVariantGroup;
			children = (
				8EC382A61D90998100BE7DB8 /* Base */,
			);
			name = LaunchScreen.storyboard;
			sourceTree = "<group>";
		};
/* End PBXVariantGroup section */

/* Begin XCBuildConfiguration section */
		8EC382A91D90998100BE7DB8 /* Debug */ = {
			isa = XCBuildConfiguration;
			buildSettings = {
				ALWAYS_SEARCH_USER_PATHS = NO;
				CLANG_ANALYZER_NONNULL = YES;
				CLANG_CXX_LANGUAGE_STANDARD = "gnu++0x";
				CLANG_CXX_LIBRARY = "libc++";
				CLANG_ENABLE_MODULES = YES;
				CLANG_ENABLE_OBJC_ARC = YES;
				CLANG_WARN_BOOL_CONVERSION = YES;
				CLANG_WARN_CONSTANT_CONVERSION = YES;
				CLANG_WARN_DIRECT_OBJC_ISA_USAGE = YES_ERROR;
				CLANG_WARN_DOCUMENTATION_COMMENTS = YES;
				CLANG_WARN_EMPTY_BODY = YES;
				CLANG_WARN_ENUM_CONVERSION = YES;
				CLANG_WARN_INFINITE_RECURSION = YES;
				CLANG_WARN_INT_CONVERSION = YES;
				CLANG_WARN_OBJC_ROOT_CLASS = YES_ERROR;
				CLANG_WARN_SUSPICIOUS_MOVES = YES;
				CLANG_WARN_UNREACHABLE_CODE = YES;
				CLANG_WARN__DUPLICATE_METHOD_MATCH = YES;
				"CODE_SIGN_IDENTITY[sdk=iphoneos*]" = "iPhone Developer";
				COPY_PHASE_STRIP = NO;
				DEBUG_INFORMATION_FORMAT = dwarf;
				ENABLE_STRICT_OBJC_MSGSEND = YES;
				ENABLE_TESTABILITY = YES;
				GCC_C_LANGUAGE_STANDARD = gnu99;
				GCC_DYNAMIC_NO_PIC = NO;
				GCC_NO_COMMON_BLOCKS = YES;
				GCC_OPTIMIZATION_LEVEL = 0;
				GCC_PREPROCESSOR_DEFINITIONS = (
					"DEBUG=1",
					"$(inherited)",
				);
				GCC_WARN_64_TO_32_BIT_CONVERSION = YES;
				GCC_WARN_ABOUT_RETURN_TYPE = YES_ERROR;
				GCC_WARN_UNDECLARED_SELECTOR = YES;
				GCC_WARN_UNINITIALIZED_AUTOS = YES_AGGRESSIVE;
				GCC_WARN_UNUSED_FUNCTION = YES;
				GCC_WARN_UNUSED_VARIABLE = YES;
				IPHONEOS_DEPLOYMENT_TARGET = 10.0;
				MTL_ENABLE_DEBUG_INFO = YES;
				ONLY_ACTIVE_ARCH = YES;
				SDKROOT = iphoneos;
				SWIFT_ACTIVE_COMPILATION_CONDITIONS = DEBUG;
				SWIFT_OPTIMIZATION_LEVEL = "-Onone";
				TARGETED_DEVICE_FAMILY = "1,2";
			};
			name = Debug;
		};
		8EC382AA1D90998100BE7DB8 /* Release */ = {
			isa = XCBuildConfiguration;
			buildSettings = {
				ALWAYS_SEARCH_USER_PATHS = NO;
				CLANG_ANALYZER_NONNULL = YES;
				CLANG_CXX_LANGUAGE_STANDARD = "gnu++0x";
				CLANG_CXX_LIBRARY = "libc++";
				CLANG_ENABLE_MODULES = YES;
				CLANG_ENABLE_OBJC_ARC = YES;
				CLANG_WARN_BOOL_CONVERSION = YES;
				CLANG_WARN_CONSTANT_CONVERSION = YES;
				CLANG_WARN_DIRECT_OBJC_ISA_USAGE = YES_ERROR;
				CLANG_WARN_DOCUMENTATION_COMMENTS = YES;
				CLANG_WARN_EMPTY_BODY = YES;
				CLANG_WARN_ENUM_CONVERSION = YES;
				CLANG_WARN_INFINITE_RECURSION = YES;
				CLANG_WARN_INT_CONVERSION = YES;
				CLANG_WARN_OBJC_ROOT_CLASS = YES_ERROR;
				CLANG_WARN_SUSPICIOUS_MOVES = YES;
				CLANG_WARN_UNREACHABLE_CODE = YES;
				CLANG_WARN__DUPLICATE_METHOD_MATCH = YES;
				"CODE_SIGN_IDENTITY[sdk=iphoneos*]" = "iPhone Developer";
				COPY_PHASE_STRIP = NO;
				DEBUG_INFORMATION_FORMAT = "dwarf-with-dsym";
				ENABLE_NS_ASSERTIONS = NO;
				ENABLE_STRICT_OBJC_MSGSEND = YES;
				GCC_C_LANGUAGE_STANDARD = gnu99;
				GCC_NO_COMMON_BLOCKS = YES;
				GCC_WARN_64_TO_32_BIT_CONVERSION = YES;
				GCC_WARN_ABOUT_RETURN_TYPE = YES_ERROR;
				GCC_WARN_UNDECLARED_SELECTOR = YES;
				GCC_WARN_UNINITIALIZED_AUTOS = YES_AGGRESSIVE;
				GCC_WARN_UNUSED_FUNCTION = YES;
				GCC_WARN_UNUSED_VARIABLE = YES;
				IPHONEOS_DEPLOYMENT_TARGET = 10.0;
				MTL_ENABLE_DEBUG_INFO = NO;
				SDKROOT = iphoneos;
				SWIFT_OPTIMIZATION_LEVEL = "-Owholemodule";
				TARGETED_DEVICE_FAMILY = "1,2";
				VALIDATE_PRODUCT = YES;
			};
			name = Release;
		};
		8EC382AC1D90998100BE7DB8 /* Debug */ = {
			isa = XCBuildConfiguration;
			baseConfigurationReference = 7AE4698A4D207ED82624C3A1 /* Pods-social.debug.xcconfig */;
			buildSettings = {
				ASSETCATALOG_COMPILER_APPICON_NAME = AppIcon;
				CODE_SIGN_ENTITLEMENTS = social/social.entitlements;
				DEVELOPMENT_TEAM = 78VVE4HZJC;
				FRAMEWORK_SEARCH_PATHS = (
					"$(inherited)",
					"$(PROJECT_DIR)",
				);
				INFOPLIST_FILE = social/Info.plist;
				LD_RUNPATH_SEARCH_PATHS = "$(inherited) @executable_path/Frameworks";
				PRODUCT_BUNDLE_IDENTIFIER = com.mu.social;
				PRODUCT_NAME = "$(TARGET_NAME)";
				SWIFT_VERSION = 3.0;
			};
			name = Debug;
		};
		8EC382AD1D90998100BE7DB8 /* Release */ = {
			isa = XCBuildConfiguration;
			baseConfigurationReference = B13E13067654B8986E06B789 /* Pods-social.release.xcconfig */;
			buildSettings = {
				ASSETCATALOG_COMPILER_APPICON_NAME = AppIcon;
				CODE_SIGN_ENTITLEMENTS = social/social.entitlements;
				DEVELOPMENT_TEAM = 78VVE4HZJC;
				FRAMEWORK_SEARCH_PATHS = (
					"$(inherited)",
					"$(PROJECT_DIR)",
				);
				INFOPLIST_FILE = social/Info.plist;
				LD_RUNPATH_SEARCH_PATHS = "$(inherited) @executable_path/Frameworks";
				PRODUCT_BUNDLE_IDENTIFIER = com.mu.social;
				PRODUCT_NAME = "$(TARGET_NAME)";
				SWIFT_VERSION = 3.0;
			};
			name = Release;
		};
/* End XCBuildConfiguration section */

/* Begin XCConfigurationList section */
		8EC382941D90998100BE7DB8 /* Build configuration list for PBXProject "social" */ = {
			isa = XCConfigurationList;
			buildConfigurations = (
				8EC382A91D90998100BE7DB8 /* Debug */,
				8EC382AA1D90998100BE7DB8 /* Release */,
			);
			defaultConfigurationIsVisible = 0;
			defaultConfigurationName = Release;
		};
		8EC382AB1D90998100BE7DB8 /* Build configuration list for PBXNativeTarget "social" */ = {
			isa = XCConfigurationList;
			buildConfigurations = (
				8EC382AC1D90998100BE7DB8 /* Debug */,
				8EC382AD1D90998100BE7DB8 /* Release */,
			);
			defaultConfigurationIsVisible = 0;
			defaultConfigurationName = Release;
		};
/* End XCConfigurationList section */
	};
	rootObject = 8EC382911D90998100BE7DB8 /* Project object */;
}
